{
  "version": 4,
  "terraform_version": "1.10.4",
  "serial": 1,
  "lineage": "b875bf39-7ae1-62b1-f7f6-ebbe58655ad6",
  "outputs": {},
  "resources": [
    {
      "mode": "data",
      "type": "vault_generic_secret",
      "name": "vault_secret",
      "provider": "provider[\"registry.terraform.io/hashicorp/vault\"]",
      "instances": [
        {
          "schema_version": 0,
          "attributes": {
            "data": {
              "test_secret": "blahblahverysecure"
            },
            "data_json": "{\"test_secret\":\"blahblahverysecure\"}",
            "id": "secret/example",
            "lease_duration": 0,
            "lease_id": "",
            "lease_renewable": false,
            "lease_start_time": "2025-01-27T17:25:57Z",
            "namespace": null,
            "path": "secret/example",
            "version": -1,
            "with_lease_start_time": true
          },
          "sensitive_attributes": [
            [
              {
                "type": "get_attr",
                "value": "data"
              }
            ],
            [
              {
                "type": "get_attr",
                "value": "data_json"
              }
            ]
          ]
        }
      ]
    },
    {
      "mode": "managed",
      "type": "local_file",
      "name": "secret_file",
      "provider": "provider[\"registry.terraform.io/hashicorp/local\"]",
      "instances": [
        {
          "schema_version": 0,
          "attributes": {
            "content": "I wish no one knew that blahblahverysecure",
            "content_base64": null,
            "content_base64sha256": "IoBpxZkfaKL1ZhkrcV2AkC0Z03S47aj3Qn4jf2XF47A=",
            "content_base64sha512": "gT5RKG1mrkqxHTA+W10UuQI3GnNZUTQ2BDB85vkacTI9gT+0BPQJM+fgQ/e+irmFL9AxmZI8ciN0pDws/uRBdg==",
            "content_md5": "b26f73cc3c316c1d4287cc4a0e72079c",
            "content_sha1": "d96b2c0900330da4389a599ef11281dc730627e3",
            "content_sha256": "228069c5991f68a2f566192b715d80902d19d374b8eda8f7427e237f65c5e3b0",
            "content_sha512": "813e51286d66ae4ab11d303e5b5d14b902371a735951343604307ce6f91a71323d813fb404f40933e7e043f7be8ab9852fd03199923c722374a43c2cfee44176",
            "directory_permission": "0777",
            "file_permission": "0777",
            "filename": "groceries.txt",
            "id": "d96b2c0900330da4389a599ef11281dc730627e3",
            "sensitive_content": null,
            "source": null
          },
          "sensitive_attributes": [
            [
              {
                "type": "get_attr",
                "value": "content"
              }
            ],
            [
              {
                "type": "get_attr",
                "value": "sensitive_content"
              }
            ]
          ],
          "dependencies": [
            "data.vault_generic_secret.vault_secret"
          ]
        }
      ]
    }
  ],
  "check_results": null
}
