{
  "version": 4,
  "terraform_version": "1.10.4",
  "serial": 2,
  "lineage": "582bb1d3-e94d-494f-840f-82cd1aec215d",
  "outputs": {
    "ebs_volume_id": {
      "value": "vol-09a39583d3a7b9e5e",
      "type": "string"
    },
    "standard_tags": {
      "value": {
        "ExpirationDate": "2025-01-28",
        "Name": "jonathan.peckover@capgemini.com-volume",
        "OwnerEmail": "jonathan.peckover@capgemini.com",
        "ProjectOrPurpose": "Training",
        "ServiceHours": "Mon-Fri_8am-6pm"
      },
      "type": [
        "object",
        {
          "ExpirationDate": "string",
          "Name": "string",
          "OwnerEmail": "string",
          "ProjectOrPurpose": "string",
          "ServiceHours": "string"
        }
      ]
    }
  },
  "resources": [
    {
      "mode": "managed",
      "type": "aws_ebs_volume",
      "name": "example",
      "provider": "provider[\"registry.terraform.io/hashicorp/aws\"]",
      "instances": [
        {
          "schema_version": 0,
          "attributes": {
            "arn": "arn:aws:ec2:eu-west-2:623564353365:volume/vol-09a39583d3a7b9e5e",
            "availability_zone": "eu-west-2a",
            "encrypted": false,
            "final_snapshot": false,
            "id": "vol-09a39583d3a7b9e5e",
            "iops": 100,
            "kms_key_id": "",
            "multi_attach_enabled": false,
            "outpost_arn": "",
            "size": 1,
            "snapshot_id": "",
            "tags": {
              "ExpirationDate": "2025-01-28",
              "Name": "jonathan.peckover@capgemini.com-volume",
              "OwnerEmail": "jonathan.peckover@capgemini.com",
              "ProjectOrPurpose": "Training",
              "ServiceHours": "Mon-Fri_8am-6pm"
            },
            "tags_all": {
              "ExpirationDate": "2025-01-28",
              "Name": "jonathan.peckover@capgemini.com-volume",
              "OwnerEmail": "jonathan.peckover@capgemini.com",
              "ProjectOrPurpose": "Training",
              "ServiceHours": "Mon-Fri_8am-6pm"
            },
            "throughput": 0,
            "timeouts": null,
            "type": "gp2"
          },
          "sensitive_attributes": [],
          "private": "eyJlMmJmYjczMC1lY2FhLTExZTYtOGY4OC0zNDM2M2JjN2M0YzAiOnsiY3JlYXRlIjozMDAwMDAwMDAwMDAsImRlbGV0ZSI6NjAwMDAwMDAwMDAwLCJ1cGRhdGUiOjMwMDAwMDAwMDAwMH19"
        }
      ]
    }
  ],
  "check_results": null
}
