{
  "version": 4,
  "terraform_version": "1.10.4",
  "serial": 3,
  "lineage": "6313cba3-2222-0058-c2a2-5f85788366c5",
  "outputs": {
    "dynamodb_table_name": {
      "value": "jp-locks-28-01",
      "type": "string"
    },
    "s3_bucket_arn": {
      "value": "arn:aws:s3:::jp-state-bucket-28-01",
      "type": "string"
    }
  },
  "resources": [
    {
      "mode": "managed",
      "type": "aws_dynamodb_table",
      "name": "terraform_locks",
      "provider": "provider[\"registry.terraform.io/hashicorp/aws\"]",
      "instances": [
        {
          "schema_version": 1,
          "attributes": {
            "arn": "arn:aws:dynamodb:eu-west-2:680107612074:table/jp-locks-28-01",
            "attribute": [
              {
                "name": "LockID",
                "type": "S"
              }
            ],
            "billing_mode": "PAY_PER_REQUEST",
            "deletion_protection_enabled": false,
            "global_secondary_index": [],
            "hash_key": "LockID",
            "id": "jp-locks-28-01",
            "import_table": [],
            "local_secondary_index": [],
            "name": "jp-locks-28-01",
            "on_demand_throughput": [],
            "point_in_time_recovery": [
              {
                "enabled": false
              }
            ],
            "range_key": null,
            "read_capacity": 0,
            "replica": [],
            "restore_date_time": null,
            "restore_source_name": null,
            "restore_source_table_arn": null,
            "restore_to_latest_time": null,
            "server_side_encryption": [],
            "stream_arn": "",
            "stream_enabled": false,
            "stream_label": "",
            "stream_view_type": "",
            "table_class": "STANDARD",
            "tags": {
              "ExpirationDate": "2025-01-29",
              "OwnerEmail": "jonathan.peckover@capgemini.com",
              "ProjectOrPurpose": "Training",
              "ServiceHours": "Mon-Fri_8am-6pm"
            },
            "tags_all": {
              "ExpirationDate": "2025-01-29",
              "OwnerEmail": "jonathan.peckover@capgemini.com",
              "ProjectOrPurpose": "Training",
              "ServiceHours": "Mon-Fri_8am-6pm"
            },
            "timeouts": null,
            "ttl": [
              {
                "attribute_name": "",
                "enabled": false
              }
            ],
            "write_capacity": 0
          },
          "sensitive_attributes": [],
          "private": "eyJlMmJmYjczMC1lY2FhLTExZTYtOGY4OC0zNDM2M2JjN2M0YzAiOnsiY3JlYXRlIjoxODAwMDAwMDAwMDAwLCJkZWxldGUiOjYwMDAwMDAwMDAwMCwidXBkYXRlIjozNjAwMDAwMDAwMDAwfSwic2NoZW1hX3ZlcnNpb24iOiIxIn0="
        }
      ]
    },
    {
      "mode": "managed",
      "type": "aws_s3_bucket",
      "name": "terraform_state",
      "provider": "provider[\"registry.terraform.io/hashicorp/aws\"]",
      "instances": [
        {
          "schema_version": 0,
          "attributes": {
            "acceleration_status": "",
            "acl": null,
            "arn": "arn:aws:s3:::jp-state-bucket-28-01",
            "bucket": "jp-state-bucket-28-01",
            "bucket_domain_name": "jp-state-bucket-28-01.s3.amazonaws.com",
            "bucket_prefix": "",
            "bucket_regional_domain_name": "jp-state-bucket-28-01.s3.eu-west-2.amazonaws.com",
            "cors_rule": [],
            "force_destroy": false,
            "grant": [
              {
                "id": "388f8828a1995eb680398e8ae6dbda9ebe5acb195f8825ee40a36e93035ee188",
                "permissions": [
                  "FULL_CONTROL"
                ],
                "type": "CanonicalUser",
                "uri": ""
              }
            ],
            "hosted_zone_id": "Z3GKZC51ZF0DB4",
            "id": "jp-state-bucket-28-01",
            "lifecycle_rule": [],
            "logging": [],
            "object_lock_configuration": [],
            "object_lock_enabled": false,
            "policy": "",
            "region": "eu-west-2",
            "replication_configuration": [],
            "request_payer": "BucketOwner",
            "server_side_encryption_configuration": [
              {
                "rule": [
                  {
                    "apply_server_side_encryption_by_default": [
                      {
                        "kms_master_key_id": "",
                        "sse_algorithm": "AES256"
                      }
                    ],
                    "bucket_key_enabled": false
                  }
                ]
              }
            ],
            "tags": {
              "ExpirationDate": "2025-01-29",
              "OwnerEmail": "jonathan.peckover@capgemini.com",
              "ProjectOrPurpose": "Training",
              "ServiceHours": "Mon-Fri_8am-6pm"
            },
            "tags_all": {
              "ExpirationDate": "2025-01-29",
              "OwnerEmail": "jonathan.peckover@capgemini.com",
              "ProjectOrPurpose": "Training",
              "ServiceHours": "Mon-Fri_8am-6pm"
            },
            "timeouts": null,
            "versioning": [
              {
                "enabled": true,
                "mfa_delete": false
              }
            ],
            "website": [],
            "website_domain": null,
            "website_endpoint": null
          },
          "sensitive_attributes": [],
          "private": "eyJlMmJmYjczMC1lY2FhLTExZTYtOGY4OC0zNDM2M2JjN2M0YzAiOnsiY3JlYXRlIjoxMjAwMDAwMDAwMDAwLCJkZWxldGUiOjM2MDAwMDAwMDAwMDAsInJlYWQiOjEyMDAwMDAwMDAwMDAsInVwZGF0ZSI6MTIwMDAwMDAwMDAwMH19"
        }
      ]
    }
  ],
  "check_results": null
}
