{
  "version": 4,
  "terraform_version": "1.10.4",
  "serial": 8,
  "lineage": "12b455ac-46ad-d1e3-05df-98f827fad8e1",
  "outputs": {},
  "resources": [
    {
      "mode": "managed",
      "type": "local_file",
      "name": "hello",
      "provider": "provider[\"registry.terraform.io/hashicorp/local\"]",
      "instances": [
        {
          "schema_version": 0,
          "attributes": {
            "content": "hello world!!!",
            "content_base64": null,
            "content_base64sha256": "pfQ5a0VUhZf4FoEUf1PGYGXVE38vvYXmdYqJgxByKOQ=",
            "content_base64sha512": "36a3J3U+lqnf+xCUf5m4RX71GmNOqLqg2w8icS8LsZrGcZ1ERhCdwZ38limjsiXAru69YRdUZKleNcQ3zZeaZA==",
            "content_md5": "f6835168c4823ac89c1bc97154a675a8",
            "content_sha1": "8233f28c479ff758b3b4ba9ad66069db68811e59",
            "content_sha256": "a5f4396b45548597f81681147f53c66065d5137f2fbd85e6758a8983107228e4",
            "content_sha512": "dfa6b727753e96a9dffb10947f99b8457ef51a634ea8baa0db0f22712f0bb19ac6719d4446109dc19dfc9629a3b225c0aeeebd61175464a95e35c437cd979a64",
            "directory_permission": "0777",
            "file_permission": "0777",
            "filename": "hello.txt",
            "id": "8233f28c479ff758b3b4ba9ad66069db68811e59",
            "sensitive_content": null,
            "source": null
          },
          "sensitive_attributes": [
            [
              {
                "type": "get_attr",
                "value": "sensitive_content"
              }
            ]
          ]
        }
      ]
    }
  ],
  "check_results": null
}
