{
  "version": 4,
  "terraform_version": "1.10.4",
  "serial": 5,
  "lineage": "0dc6ed2f-3215-78ce-d3ca-21047398023a",
  "outputs": {
    "aws_ami_arn": {
      "value": "arn:aws:ec2:eu-west-2::image/ami-0b4b372bbb9ae0504",
      "type": "string"
    }
  },
  "resources": [
    {
      "mode": "data",
      "type": "aws_ami",
      "name": "centos_9_latest",
      "provider": "provider[\"registry.terraform.io/hashicorp/aws\"]",
      "instances": [
        {
          "schema_version": 0,
          "attributes": {
            "architecture": "arm64",
            "arn": "arn:aws:ec2:eu-west-2::image/ami-0b4b372bbb9ae0504",
            "block_device_mappings": [
              {
                "device_name": "/dev/sda1",
                "ebs": {
                  "delete_on_termination": "true",
                  "encrypted": "false",
                  "iops": "0",
                  "snapshot_id": "snap-0d5615698406bd8e4",
                  "throughput": "0",
                  "volume_size": "10",
                  "volume_type": "gp2"
                },
                "no_device": "",
                "virtual_name": ""
              }
            ],
            "boot_mode": "",
            "creation_date": "2025-01-24T21:42:52.000Z",
            "deprecation_time": "2027-01-24T21:42:52.000Z",
            "description": "CentOS Stream 9 aarch64 20250124",
            "ena_support": true,
            "executable_users": null,
            "filter": [
              {
                "name": "name",
                "values": [
                  "CentOS Stream 9*"
                ]
              }
            ],
            "hypervisor": "xen",
            "id": "ami-0b4b372bbb9ae0504",
            "image_id": "ami-0b4b372bbb9ae0504",
            "image_location": "125523088429/CentOS Stream 9 aarch64 20250124",
            "image_owner_alias": "",
            "image_type": "machine",
            "imds_support": "",
            "include_deprecated": false,
            "kernel_id": "",
            "most_recent": true,
            "name": "CentOS Stream 9 aarch64 20250124",
            "name_regex": null,
            "owner_id": "125523088429",
            "owners": [
              "125523088429"
            ],
            "platform": "",
            "platform_details": "Linux/UNIX",
            "product_codes": [],
            "public": true,
            "ramdisk_id": "",
            "root_device_name": "/dev/sda1",
            "root_device_type": "ebs",
            "root_snapshot_id": "snap-0d5615698406bd8e4",
            "sriov_net_support": "",
            "state": "available",
            "state_reason": {
              "code": "UNSET",
              "message": "UNSET"
            },
            "tags": {},
            "timeouts": null,
            "tpm_support": "",
            "uefi_data": null,
            "usage_operation": "RunInstances",
            "virtualization_type": "hvm"
          },
          "sensitive_attributes": []
        }
      ]
    },
    {
      "mode": "managed",
      "type": "local_file",
      "name": "dummy_file",
      "provider": "provider[\"registry.terraform.io/hashicorp/local\"]",
      "instances": [
        {
          "schema_version": 0,
          "attributes": {
            "content": "This is a file",
            "content_base64": null,
            "content_base64sha256": "RTVpKYKdyf3tF+dV25G5PCWk7T+51g2S1L0ek1oOzHU=",
            "content_base64sha512": "O2/EEKrJRT35U6hOgG/3iaiFSa0127bqMMgyrzIxasSDINFfL4vW+gy7AAg/6tBEK5ZEU/PmjLLfRzXeIBIdrQ==",
            "content_md5": "5276effc61dd44a9fe1d5354bf2ad9c4",
            "content_sha1": "90b8de62d4a168c142a64d17229e0b397a6c04e1",
            "content_sha256": "45356929829dc9fded17e755db91b93c25a4ed3fb9d60d92d4bd1e935a0ecc75",
            "content_sha512": "3b6fc410aac9453df953a84e806ff789a88549ad35dbb6ea30c832af32316ac48320d15f2f8bd6fa0cbb00083fead0442b964453f3e68cb2df4735de20121dad",
            "directory_permission": "0777",
            "file_permission": "0777",
            "filename": "hello.txt",
            "id": "90b8de62d4a168c142a64d17229e0b397a6c04e1",
            "sensitive_content": null,
            "source": null
          },
          "sensitive_attributes": [
            [
              {
                "type": "get_attr",
                "value": "sensitive_content"
              }
            ]
          ]
        }
      ]
    }
  ],
  "check_results": null
}
